
Microsoft Visual Studio Solution File, Format Version 12.00
# Visual Studio Version 17
VisualStudioVersion = 17.0.31903.59
MinimumVisualStudioVersion = 10.0.40219.1
Project("{FAE04EC0-301F-11D3-BF4B-00C04F79EFBC}") = "CtrlZzz.Core", "backend\CtrlZzz.Core\CtrlZzz.Core.csproj", "{1A1A1A1A-1A1A-1A1A-1A1A-1A1A1A1A1A1A}"
EndProject
Project("{FAE04EC0-301F-11D3-BF4B-00C04F79EFBC}") = "CtrlZzz.Infrastructure", "backend\CtrlZzz.Infrastructure\CtrlZzz.Infrastructure.csproj", "{2B2B2B2B-2B2B-2B2B-2B2B-2B2B2B2B2B2B}"
EndProject
Project("{FAE04EC0-301F-11D3-BF4B-00C04F79EFBC}") = "CtrlZzz.Web", "backend\CtrlZzz.Web\CtrlZzz.Web.csproj", "{3C3C3C3C-3C3C-3C3C-3C3C-3C3C3C3C3C3C}"
EndProject
Project("{FAE04EC0-301F-11D3-BF4B-00C04F79EFBC}") = "CtrlZzz.Shared", "backend\CtrlZzz.Shared\CtrlZzz.Shared.csproj", "{4D4D4D4D-4D4D-4D4D-4D4D-4D4D4D4D4D4D}"
EndProject
Project("{FAE04EC0-301F-11D3-BF4B-00C04F79EFBC}") = "CtrlZzz.Core.Tests", "backend\CtrlZzz.Core.Tests\CtrlZzz.Core.Tests.csproj", "{5E5E5E5E-5E5E-5E5E-5E5E-5E5E5E5E5E5E}"
EndProject
Project("{FAE04EC0-301F-11D3-BF4B-00C04F79EFBC}") = "CtrlZzz.Infrastructure.Tests", "backend\CtrlZzz.Infrastructure.Tests\CtrlZzz.Infrastructure.Tests.csproj", "{6F6F6F6F-6F6F-6F6F-6F6F-6F6F6F6F6F6F}"
EndProject
Project("{FAE04EC0-301F-11D3-BF4B-00C04F79EFBC}") = "CtrlZzz.Web.Tests", "backend\CtrlZzz.Web.Tests\CtrlZzz.Web.Tests.csproj", "{7A7A7A7A-7A7A-7A7A-7A7A-7A7A7A7A7A7A}"
EndProject
Global
	GlobalSection(SolutionConfigurationPlatforms) = preSolution
		Debug|Any CPU = Debug|Any CPU
		Release|Any CPU = Release|Any CPU
	EndGlobalSection
	GlobalSection(ProjectConfigurationPlatforms) = postSolution
		{1A1A1A1A-1A1A-1A1A-1A1A-1A1A1A1A1A1A}.Debug|Any CPU.ActiveCfg = Debug|Any CPU
		{1A1A1A1A-1A1A-1A1A-1A1A-1A1A1A1A1A1A}.Debug|Any CPU.Build.0 = Debug|Any CPU
		{1A1A1A1A-1A1A-1A1A-1A1A-1A1A1A1A1A1A}.Release|Any CPU.ActiveCfg = Release|Any CPU
		{1A1A1A1A-1A1A-1A1A-1A1A-1A1A1A1A1A1A}.Release|Any CPU.Build.0 = Release|Any CPU
		{2B2B2B2B-2B2B-2B2B-2B2B-2B2B2B2B2B2B}.Debug|Any CPU.ActiveCfg = Debug|Any CPU
		{2B2B2B2B-2B2B-2B2B-2B2B-2B2B2B2B2B2B}.Debug|Any CPU.Build.0 = Debug|Any CPU
		{2B2B2B2B-2B2B-2B2B-2B2B-2B2B2B2B2B2B}.Release|Any CPU.ActiveCfg = Release|Any CPU
		{2B2B2B2B-2B2B-2B2B-2B2B-2B2B2B2B2B2B}.Release|Any CPU.Build.0 = Release|Any CPU
		{3C3C3C3C-3C3C-3C3C-3C3C-3C3C3C3C3C3C}.Debug|Any CPU.ActiveCfg = Debug|Any CPU
		{3C3C3C3C-3C3C-3C3C-3C3C-3C3C3C3C3C3C}.Debug|Any CPU.Build.0 = Debug|Any CPU
		{3C3C3C3C-3C3C-3C3C-3C3C-3C3C3C3C3C3C}.Release|Any CPU.ActiveCfg = Release|Any CPU
		{3C3C3C3C-3C3C-3C3C-3C3C-3C3C3C3C3C3C}.Release|Any CPU.Build.0 = Release|Any CPU
		{4D4D4D4D-4D4D-4D4D-4D4D-4D4D4D4D4D4D}.Debug|Any CPU.ActiveCfg = Debug|Any CPU
		{4D4D4D4D-4D4D-4D4D-4D4D-4D4D4D4D4D4D}.Debug|Any CPU.Build.0 = Debug|Any CPU
		{4D4D4D4D-4D4D-4D4D-4D4D-4D4D4D4D4D4D}.Release|Any CPU.ActiveCfg = Release|Any CPU
		{4D4D4D4D-4D4D-4D4D-4D4D-4D4D4D4D4D4D}.Release|Any CPU.Build.0 = Release|Any CPU
		{5E5E5E5E-5E5E-5E5E-5E5E-5E5E5E5E5E5E}.Debug|Any CPU.ActiveCfg = Debug|Any CPU
		{5E5E5E5E-5E5E-5E5E-5E5E-5E5E5E5E5E5E}.Debug|Any CPU.Build.0 = Debug|Any CPU
		{5E5E5E5E-5E5E-5E5E-5E5E-5E5E5E5E5E5E}.Release|Any CPU.ActiveCfg = Release|Any CPU
		{5E5E5E5E-5E5E-5E5E-5E5E-5E5E5E5E5E5E}.Release|Any CPU.Build.0 = Release|Any CPU
		{6F6F6F6F-6F6F-6F6F-6F6F-6F6F6F6F6F6F}.Debug|Any CPU.ActiveCfg = Debug|Any CPU
		{6F6F6F6F-6F6F-6F6F-6F6F-6F6F6F6F6F6F}.Debug|Any CPU.Build.0 = Debug|Any CPU
		{6F6F6F6F-6F6F-6F6F-6F6F-6F6F6F6F6F6F}.Release|Any CPU.ActiveCfg = Release|Any CPU
		{6F6F6F6F-6F6F-6F6F-6F6F-6F6F6F6F6F6F}.Release|Any CPU.Build.0 = Release|Any CPU
		{7A7A7A7A-7A7A-7A7A-7A7A-7A7A7A7A7A7A}.Debug|Any CPU.ActiveCfg = Debug|Any CPU
		{7A7A7A7A-7A7A-7A7A-7A7A-7A7A7A7A7A7A}.Debug|Any CPU.Build.0 = Debug|Any CPU
		{7A7A7A7A-7A7A-7A7A-7A7A-7A7A7A7A7A7A}.Release|Any CPU.ActiveCfg = Release|Any CPU
		{7A7A7A7A-7A7A-7A7A-7A7A-7A7A7A7A7A7A}.Release|Any CPU.Build.0 = Release|Any CPU
	EndGlobalSection
EndGlobal
